{
  "lockfileVersion": 1,
  "workspaces": {
    "": {
      "name": "test-grammy-ts",
      "devDependencies": {
        "@grammyjs/auto-retry": "^2.0.2",
        "@grammyjs/auto-thread": "github:grammyjs/auto-thread",
        "@grammyjs/commands": "^1.0.4",
        "@grammyjs/files": "^1.1.1",
        "@grammyjs/hydrate": "^1.4.1",
        "@grammyjs/parse-mode": "^1.11.1",
        "@roziscoding/grammy-autoquote": "^2.0.8",
        "@types/bun": "latest",
        "deno2node": "^1.14.0",
        "grammy": "^1.33.0",
        "telegraf-middleware-console-time": "^2.1.0",
      },
      "peerDependencies": {
        "typescript": "^5.0.0",
      },
    },
  },
  "trustedDependencies": [
    "@grammyjs/auto-thread",
  ],
  "packages": {
    "@grammyjs/auto-retry": ["@grammyjs/auto-retry@2.0.2", "", { "dependencies": { "debug": "^4.3.4" }, "peerDependencies": { "grammy": "^1.10.0" } }, "sha512-b4A4p5jlYDiQtW0c0FXYe11WMkYoiW+5rvOaDMCOk1h7Pu2SDl7B7gmFF8cthWCx2+M2nWLOsBxAgbBG4kKWYg=="],

    "@grammyjs/auto-thread": ["@grammyjs/auto-thread@github:grammyjs/auto-thread#3beb99e", { "peerDependencies": { "grammy": "^1.12.0" } }, "grammyjs-auto-thread-3beb99e"],

    "@grammyjs/commands": ["@grammyjs/commands@1.0.4", "", { "peerDependencies": { "grammy": "^1.17.1" } }, "sha512-G3C4w9I7baEzhk/Yq/TMELUGAmVEQGtwM46oyMijxE2hHTOPrBzs/LqaSfJFraYGLKCum0xAxXryMcEHQ/chDw=="],

    "@grammyjs/files": ["@grammyjs/files@1.1.1", "", { "peerDependencies": { "grammy": "^1.3.0" } }, "sha512-T3vJCVlj76I8d4BUI0MPDyIkfWOkG4NXyy8HDKAmG5tIb1SxMtrQHcwRYCOHeSJ1EvLWtfadFNTbRXuym+8c6Q=="],

    "@grammyjs/hydrate": ["@grammyjs/hydrate@1.4.1", "", { "dependencies": { "abort-controller": "^3.0.0" }, "peerDependencies": { "grammy": "^1.20.1" } }, "sha512-xvd7XXoVHEhxBV2M8UHDRYkZlv32JioHfs+0l+eN34mkJJJBchuRDgRY3fkVJko8o1hGFHHLAJJTlEs2OAMolA=="],

    "@grammyjs/parse-mode": ["@grammyjs/parse-mode@1.11.1", "", { "peerDependencies": { "grammy": "^1.20.1" } }, "sha512-7yEKVtXjNZsG8EX/AOtgR/7Af5QxcmAcTB31Nju+QELvL2uSQMJKlix5rkx695gqocUodLwWtuwCDGDoXGD2xg=="],

    "@grammyjs/types": ["@grammyjs/types@3.18.0", "", {}, "sha512-/VpQcT6Z0+Lw6H6jv2JvnDmqB1/9rjbFdDBlPBPUW3kQ1bWfjzfaiVk2+J2eiid3o3sLaPp3ZK0XjEI1gWNc3g=="],

    "@roziscoding/grammy-autoquote": ["@roziscoding/grammy-autoquote@2.0.8", "", { "peerDependencies": { "grammy": "^1" } }, "sha512-QM5kRuBq6KCHuNQukmNuUSEdKhN5KiSDmW9RuL/fxenBmRBuYRSxTPaxNOsmHAqs2th3bua/Ltg7d24mhkX4Mw=="],

    "@ts-morph/common": ["@ts-morph/common@0.25.0", "", { "dependencies": { "minimatch": "^9.0.4", "path-browserify": "^1.0.1", "tinyglobby": "^0.2.9" } }, "sha512-kMnZz+vGGHi4GoHnLmMhGNjm44kGtKUXGnOvrKmMwAuvNjM/PgKVGfUnL7IDvK7Jb2QQ82jq3Zmp04Gy+r3Dkg=="],

    "@types/bun": ["@types/bun@1.2.2", "", { "dependencies": { "bun-types": "1.2.2" } }, "sha512-tr74gdku+AEDN5ergNiBnplr7hpDp3V1h7fqI2GcR/rsUaM39jpSeKH0TFibRvU0KwniRx5POgaYnaXbk0hU+w=="],

    "@types/node": ["@types/node@22.13.0", "", { "dependencies": { "undici-types": "~6.20.0" } }, "sha512-ClIbNe36lawluuvq3+YYhnIN2CELi+6q8NpnM7PYp4hBn/TatfboPgVSm2rwKRfnV2M+Ty9GWDFI64KEe+kysA=="],

    "@types/ws": ["@types/ws@8.5.14", "", { "dependencies": { "@types/node": "*" } }, "sha512-bd/YFLW+URhBzMXurx7lWByOu+xzU9+kb3RboOteXYDfW+tr+JZa99OyNmPINEGB/ahzKrEuc8rcv4gnpJmxTw=="],

    "abort-controller": ["abort-controller@3.0.0", "", { "dependencies": { "event-target-shim": "^5.0.0" } }, "sha512-h8lQ8tacZYnR3vNQTgibj+tODHI5/+l06Au2Pcriv/Gmet0eaj4TwWH41sO9wnHDiQsEj19q0drzdWdeAHtweg=="],

    "balanced-match": ["balanced-match@1.0.2", "", {}, "sha512-3oSeUO0TMV67hN1AmbXsK4yaqU7tjiHlbxRDZOpH0KW9+CeX4bRAaX0Anxt0tx2MrpRpWwQaPwIlISEJhYU5Pw=="],

    "brace-expansion": ["brace-expansion@2.0.1", "", { "dependencies": { "balanced-match": "^1.0.0" } }, "sha512-XnAIvQ8eM+kC6aULx6wuQiwVsnzsi9d3WxzV3FpWTGA19F621kwdbsAcFKXgKUHZWsy+mY6iL1sHTxWEFCytDA=="],

    "bun-types": ["bun-types@1.2.2", "", { "dependencies": { "@types/node": "*", "@types/ws": "~8.5.10" } }, "sha512-RCbMH5elr9gjgDGDhkTTugA21XtJAy/9jkKe/G3WR2q17VPGhcquf9Sir6uay9iW+7P/BV0CAHA1XlHXMAVKHg=="],

    "code-block-writer": ["code-block-writer@13.0.3", "", {}, "sha512-Oofo0pq3IKnsFtuHqSF7TqBfr71aeyZDVJ0HpmqB7FBM2qEigL0iPONSCZSO9pE9dZTAxANe5XHG9Uy0YMv8cg=="],

    "debug": ["debug@4.4.0", "", { "dependencies": { "ms": "^2.1.3" } }, "sha512-6WTZ/IxCY/T6BALoZHaE4ctp9xm+Z5kY/pzYaCHRFeyVhojxlrm+46y68HA6hr0TcwEssoxNiDEUJQjfPZ/RYA=="],

    "deno2node": ["deno2node@1.14.0", "", { "dependencies": { "ts-morph": "^24.0.0" }, "bin": { "deno2node": "lib/cli.js" } }, "sha512-F1WpKb2OuIcMmev6tGFMzoQCJcsPTmZFymzP5mcq4Ac8xQwT4brWJqDL+LyKP9uqOPSAKU5QJi6ZIJPs4IKtSA=="],

    "event-target-shim": ["event-target-shim@5.0.1", "", {}, "sha512-i/2XbnSz/uxRCU6+NdVJgKWDTM427+MqYbkQzD321DuCQJUqOuJKIA0IM2+W2xtYHdKOmZ4dR6fExsd4SXL+WQ=="],

    "fdir": ["fdir@6.4.3", "", { "peerDependencies": { "picomatch": "^3 || ^4" }, "optionalPeers": ["picomatch"] }, "sha512-PMXmW2y1hDDfTSRc9gaXIuCCRpuoz3Kaz8cUelp3smouvfT632ozg2vrT6lJsHKKOF59YLbOGfAWGUcKEfRMQw=="],

    "grammy": ["grammy@1.34.1", "", { "dependencies": { "@grammyjs/types": "3.18.0", "abort-controller": "^3.0.0", "debug": "^4.3.4", "node-fetch": "^2.7.0" } }, "sha512-0ypt5d1bna8CqSANlDCg2ce1sx87oDm9gjyPRHWYpAgvjy3WYW9oEmMllAYCWCZ3vHDULW5x14jBMXai51ar0Q=="],

    "minimatch": ["minimatch@9.0.5", "", { "dependencies": { "brace-expansion": "^2.0.1" } }, "sha512-G6T0ZX48xgozx7587koeX9Ys2NYy6Gmv//P89sEte9V9whIapMNF4idKxnW2QtCcLiTWlb/wfCabAtAFWhhBow=="],

    "ms": ["ms@2.1.3", "", {}, "sha512-6FlzubTLZG3J2a/NVCAleEhjzq5oxgHyaCU9yYXvcLsvoVaHJq/s5xXI6/XXP6tz7R9xAOtHnSO/tXtF3WRTlA=="],

    "node-fetch": ["node-fetch@2.7.0", "", { "dependencies": { "whatwg-url": "^5.0.0" }, "peerDependencies": { "encoding": "^0.1.0" }, "optionalPeers": ["encoding"] }, "sha512-c4FRfUm/dbcWZ7U+1Wq0AwCyFL+3nt2bEw05wfxSz+DWpWsitgmSgYmy2dQdWyKC1694ELPqMs/YzUSNozLt8A=="],

    "path-browserify": ["path-browserify@1.0.1", "", {}, "sha512-b7uo2UCUOYZcnF/3ID0lulOJi/bafxa1xPe7ZPsammBSpjSWQkjNxlt635YGS2MiR9GjvuXCtz2emr3jbsz98g=="],

    "picomatch": ["picomatch@4.0.2", "", {}, "sha512-M7BAV6Rlcy5u+m6oPhAPFgJTzAioX/6B0DxyvDlo9l8+T3nLKbrczg2WLUyzd45L8RqfUMyGPzekbMvX2Ldkwg=="],

    "telegraf-middleware-console-time": ["telegraf-middleware-console-time@2.1.0", "", {}, "sha512-qHe5MlSPy6+v2OJ01M0breFDdPhXpCyYvUuGNyDfYrDssDFauAbl7pQAXFGqTQYtKerZsJEyueiHGQisfT1P7Q=="],

    "tinyglobby": ["tinyglobby@0.2.10", "", { "dependencies": { "fdir": "^6.4.2", "picomatch": "^4.0.2" } }, "sha512-Zc+8eJlFMvgatPZTl6A9L/yht8QqdmUNtURHaKZLmKBE12hNPSrqNkUp2cs3M/UKmNVVAMFQYSjYIVHDjW5zew=="],

    "tr46": ["tr46@0.0.3", "", {}, "sha512-N3WMsuqV66lT30CrXNbEjx4GEwlow3v6rr4mCcv6prnfwhS01rkgyFdjPNBYd9br7LpXV1+Emh01fHnq2Gdgrw=="],

    "ts-morph": ["ts-morph@24.0.0", "", { "dependencies": { "@ts-morph/common": "~0.25.0", "code-block-writer": "^13.0.3" } }, "sha512-2OAOg/Ob5yx9Et7ZX4CvTCc0UFoZHwLEJ+dpDPSUi5TgwwlTlX47w+iFRrEwzUZwYACjq83cgjS/Da50Ga37uw=="],

    "typescript": ["typescript@5.7.3", "", { "bin": { "tsc": "bin/tsc", "tsserver": "bin/tsserver" } }, "sha512-84MVSjMEHP+FQRPy3pX9sTVV/INIex71s9TL2Gm5FG/WG1SqXeKyZ0k7/blY/4FdOzI12CBy1vGc4og/eus0fw=="],

    "undici-types": ["undici-types@6.20.0", "", {}, "sha512-Ny6QZ2Nju20vw1SRHe3d9jVu6gJ+4e3+MMpqu7pqE5HT6WsTSlce++GQmK5UXS8mzV8DSYHrQH+Xrf2jVcuKNg=="],

    "webidl-conversions": ["webidl-conversions@3.0.1", "", {}, "sha512-2JAn3z8AR6rjK8Sm8orRC0h/bcl/DqL7tRPdGZ4I1CjdF+EaMLmYxBHyXuKL849eucPFhvBoxMsflfOb8kxaeQ=="],

    "whatwg-url": ["whatwg-url@5.0.0", "", { "dependencies": { "tr46": "~0.0.3", "webidl-conversions": "^3.0.0" } }, "sha512-saE57nupxk6v3HY35+jzBwYa0rKSy0XR8JSxZPwgLr7ys0IBzhGviA1/TUGJLmSVqs8pb9AnvICXEuOHLprYTw=="],
  }
}
